
Microsoft Visual Studio Solution File, Format Version 12.00
# Visual Studio Version 17
VisualStudioVersion = 17.9.34728.123
MinimumVisualStudioVersion = 10.0.40219.1
Project("{FAE04EC0-301F-11D3-BF4B-00C04F79EFBC}") = "Week5ChallengeLabs(UsingDictionary)", "Week5ChallengeLabs(UsingDictionary).csproj", "{64EDB2B8-EE12-4A12-A2DC-B63FB8AD1C6A}"
EndProject
Global
	GlobalSection(SolutionConfigurationPlatforms) = preSolution
		Debug|Any CPU = Debug|Any CPU
		Release|Any CPU = Release|Any CPU
	EndGlobalSection
	GlobalSection(ProjectConfigurationPlatforms) = postSolution
		{64EDB2B8-EE12-4A12-A2DC-B63FB8AD1C6A}.Debug|Any CPU.ActiveCfg = Debug|Any CPU
		{64EDB2B8-EE12-4A12-A2DC-B63FB8AD1C6A}.Debug|Any CPU.Build.0 = Debug|Any CPU
		{64EDB2B8-EE12-4A12-A2DC-B63FB8AD1C6A}.Release|Any CPU.ActiveCfg = Release|Any CPU
		{64EDB2B8-EE12-4A12-A2DC-B63FB8AD1C6A}.Release|Any CPU.Build.0 = Release|Any CPU
	EndGlobalSection
	GlobalSection(SolutionProperties) = preSolution
		HideSolutionNode = FALSE
	EndGlobalSection
	GlobalSection(ExtensibilityGlobals) = postSolution
		SolutionGuid = {C58D4A5D-B1B1-42AB-9178-0DCFF21161F4}
	EndGlobalSection
EndGlobal
